// !$*UTF8*$!
{
	archiveVersion = 1;
	classes = {
	};
	objectVersion = 46;
	objects = {

/* Begin PBXBuildFile section */
		CAB022731BA63E4100760761 /* AppDelegate.swift in Sources */ = {isa = PBXBuildFile; fileRef = CAB022721BA63E4100760761 /* AppDelegate.swift */; };
		CAB022751BA63E4100760761 /* ViewController.swift in Sources */ = {isa = PBXBuildFile; fileRef = CAB022741BA63E4100760761 /* ViewController.swift */; };
		CAB022781BA63E4100760761 /* Main.storyboard in Resources */ = {isa = PBXBuildFile; fileRef = CAB022761BA63E4100760761 /* Main.storyboard */; };
		CAB0227A1BA63E4100760761 /* Images.xcassets in Resources */ = {isa = PBXBuildFile; fileRef = CAB022791BA63E4100760761 /* Images.xcassets */; };
		CAB0227D1BA63E4100760761 /* LaunchScreen.xib in Resources */ = {isa = PBXBuildFile; fileRef = CAB0227B1BA63E4100760761 /* LaunchScreen.xib */; };
		CAB022891BA63E4100760761 /* Project25Tests.swift in Sources */ = {isa = PBXBuildFile; fileRef = CAB022881BA63E4100760761 /* Project25Tests.swift */; };
/* End PBXBuildFile section */

/* Begin PBXContainerItemProxy section */
		CAB022831BA63E4100760761 /* PBXContainerItemProxy */ = {
			isa = PBXContainerItemProxy;
			containerPortal = CAB022651BA63E4100760761 /* Project object */;
			proxyType = 1;
			remoteGlobalIDString = CAB0226C1BA63E4100760761;
			remoteInfo = Project25;
		};
/* End PBXContainerItemProxy section */

/* Begin PBXFileReference section */
		CAB0226D1BA63E4100760761 /* Project25.app */ = {isa = PBXFileReference; explicitFileType = wrapper.application; includeInIndex = 0; path = Project25.app; sourceTree = BUILT_PRODUCTS_DIR; };
		CAB022711BA63E4100760761 /* Info.plist */ = {isa = PBXFileReference; lastKnownFileType = text.plist.xml; path = Info.plist; sourceTree = "<group>"; };
		CAB022721BA63E4100760761 /* AppDelegate.swift */ = {isa = PBXFileReference; lastKnownFileType = sourcecode.swift; path = AppDelegate.swift; sourceTree = "<group>"; };
		CAB022741BA63E4100760761 /* ViewController.swift */ = {isa = PBXFileReference; lastKnownFileType = sourcecode.swift; path = ViewController.swift; sourceTree = "<group>"; };
		CAB022771BA63E4100760761 /* Base */ = {isa = PBXFileReference; lastKnownFileType = file.storyboard; name = Base; path = Base.lproj/Main.storyboard; sourceTree = "<group>"; };
		CAB022791BA63E4100760761 /* Images.xcassets */ = {isa = PBXFileReference; lastKnownFileType = folder.assetcatalog; path = Images.xcassets; sourceTree = "<group>"; };
		CAB0227C1BA63E4100760761 /* Base */ = {isa = PBXFileReference; lastKnownFileType = file.xib; name = Base; path = Base.lproj/LaunchScreen.xib; sourceTree = "<group>"; };
		CAB022821BA63E4100760761 /* Project25Tests.xctest */ = {isa = PBXFileReference; explicitFileType = wrapper.cfbundle; includeInIndex = 0; path = Project25Tests.xctest; sourceTree = BUILT_PRODUCTS_DIR; };
		CAB022871BA63E4100760761 /* Info.plist */ = {isa = PBXFileReference; lastKnownFileType = text.plist.xml; path = Info.plist; sourceTree = "<group>"; };
		CAB022881BA63E4100760761 /* Project25Tests.swift */ = {isa = PBXFileReference; lastKnownFileType = sourcecode.swift; path = Project25Tests.swift; sourceTree = "<group>"; };
/* End PBXFileReference section */

/* Begin PBXFrameworksBuildPhase section */
		CAB0226A1BA63E4100760761 /* Frameworks */ = {
			isa = PBXFrameworksBuildPhase;
			buildActionMask = 2147483647;
			files = (
			);
			runOnlyForDeploymentPostprocessing = 0;
		};
		CAB0227F1BA63E4100760761 /* Frameworks */ = {
			isa = PBXFrameworksBuildPhase;
			buildActionMask = 2147483647;
			files = (
			);
			runOnlyForDeploymentPostprocessing = 0;
		};
/* End PBXFrameworksBuildPhase section */

/* Begin PBXGroup section */
		CAB022641BA63E4100760761 = {
			isa = PBXGroup;
			children = (
				CAB0226F1BA63E4100760761 /* Project25 */,
				CAB022851BA63E4100760761 /* Project25Tests */,
				CAB0226E1BA63E4100760761 /* Products */,
			);
			sourceTree = "<group>";
		};
		CAB0226E1BA63E4100760761 /* Products */ = {
			isa = PBXGroup;
			children = (
				CAB0226D1BA63E4100760761 /* Project25.app */,
				CAB022821BA63E4100760761 /* Project25Tests.xctest */,
			);
			name = Products;
			sourceTree = "<group>";
		};
		CAB0226F1BA63E4100760761 /* Project25 */ = {
			isa = PBXGroup;
			children = (
				CAB022721BA63E4100760761 /* AppDelegate.swift */,
				CAB022741BA63E4100760761 /* ViewController.swift */,
				CAB022761BA63E4100760761 /* Main.storyboard */,
				CAB022791BA63E4100760761 /* Images.xcassets */,
				CAB0227B1BA63E4100760761 /* LaunchScreen.xib */,
				CAB022701BA63E4100760761 /* Supporting Files */,
			);
			path = Project25;
			sourceTree = "<group>";
		};
		CAB022701BA63E4100760761 /* Supporting Files */ = {
			isa = PBXGroup;
			children = (
				CAB022711BA63E4100760761 /* Info.plist */,
			);
			name = "Supporting Files";
			sourceTree = "<group>";
		};
		CAB022851BA63E4100760761 /* Project25Tests */ = {
			isa = PBXGroup;
			children = (
				CAB022881BA63E4100760761 /* Project25Tests.swift */,
				CAB022861BA63E4100760761 /* Supporting Files */,
			);
			path = Project25Tests;
			sourceTree = "<group>";
		};
		CAB022861BA63E4100760761 /* Supporting Files */ = {
			isa = PBXGroup;
			children = (
				CAB022871BA63E4100760761 /* Info.plist */,
			);
			name = "Supporting Files";
			sourceTree = "<group>";
		};
/* End PBXGroup section */

/* Begin PBXNativeTarget section */
		CAB0226C1BA63E4100760761 /* Project25 */ = {
			isa = PBXNativeTarget;
			buildConfigurationList = CAB0228C1BA63E4100760761 /* Build configuration list for PBXNativeTarget "Project25" */;
			buildPhases = (
				CAB022691BA63E4100760761 /* Sources */,
				CAB0226A1BA63E4100760761 /* Frameworks */,
				CAB0226B1BA63E4100760761 /* Resources */,
			);
			buildRules = (
			);
			dependencies = (
			);
			name = Project25;
			productName = Project25;
			productReference = CAB0226D1BA63E4100760761 /* Project25.app */;
			productType = "com.apple.product-type.application";
		};
		CAB022811BA63E4100760761 /* Project25Tests */ = {
			isa = PBXNativeTarget;
			buildConfigurationList = CAB0228F1BA63E4100760761 /* Build configuration list for PBXNativeTarget "Project25Tests" */;
			buildPhases = (
				CAB0227E1BA63E4100760761 /* Sources */,
				CAB0227F1BA63E4100760761 /* Frameworks */,
				CAB022801BA63E4100760761 /* Resources */,
			);
			buildRules = (
			);
			dependencies = (
				CAB022841BA63E4100760761 /* PBXTargetDependency */,
			);
			name = Project25Tests;
			productName = Project25Tests;
			productReference = CAB022821BA63E4100760761 /* Project25Tests.xctest */;
			productType = "com.apple.product-type.bundle.unit-test";
		};
/* End PBXNativeTarget section */

/* Begin PBXProject section */
		CAB022651BA63E4100760761 /* Project object */ = {
			isa = PBXProject;
			attributes = {
				LastUpgradeCheck = 0640;
				ORGANIZATIONNAME = EngJason;
				TargetAttributes = {
					CAB0226C1BA63E4100760761 = {
						CreatedOnToolsVersion = 6.4;
					};
					CAB022811BA63E4100760761 = {
						CreatedOnToolsVersion = 6.4;
						TestTargetID = CAB0226C1BA63E4100760761;
					};
				};
			};
			buildConfigurationList = CAB022681BA63E4100760761 /* Build configuration list for PBXProject "Project25" */;
			compatibilityVersion = "Xcode 3.2";
			developmentRegion = English;
			hasScannedForEncodings = 0;
			knownRegions = (
				en,
				Base,
			);
			mainGroup = CAB022641BA63E4100760761;
			productRefGroup = CAB0226E1BA63E4100760761 /* Products */;
			projectDirPath = "";
			projectRoot = "";
			targets = (
				CAB0226C1BA63E4100760761 /* Project25 */,
				CAB022811BA63E4100760761 /* Project25Tests */,
			);
		};
/* End PBXProject section */

/* Begin PBXResourcesBuildPhase section */
		CAB0226B1BA63E4100760761 /* Resources */ = {
			isa = PBXResourcesBuildPhase;
			buildActionMask = 2147483647;
			files = (
				CAB022781BA63E4100760761 /* Main.storyboard in Resources */,
				CAB0227D1BA63E4100760761 /* LaunchScreen.xib in Resources */,
				CAB0227A1BA63E4100760761 /* Images.xcassets in Resources */,
			);
			runOnlyForDeploymentPostprocessing = 0;
		};
		CAB022801BA63E4100760761 /* Resources */ = {
			isa = PBXResourcesBuildPhase;
			buildActionMask = 2147483647;
			files = (
			);
			runOnlyForDeploymentPostprocessing = 0;
		};
/* End PBXResourcesBuildPhase section */

/* Begin PBXSourcesBuildPhase section */
		CAB022691BA63E4100760761 /* Sources */ = {
			isa = PBXSourcesBuildPhase;
			buildActionMask = 2147483647;
			files = (
				CAB022751BA63E4100760761 /* ViewController.swift in Sources */,
				CAB022731BA63E4100760761 /* AppDelegate.swift in Sources */,
			);
			runOnlyForDeploymentPostprocessing = 0;
		};
		CAB0227E1BA63E4100760761 /* Sources */ = {
			isa = PBXSourcesBuildPhase;
			buildActionMask = 2147483647;
			files = (
				CAB022891BA63E4100760761 /* Project25Tests.swift in Sources */,
			);
			runOnlyForDeploymentPostprocessing = 0;
		};
/* End PBXSourcesBuildPhase section */

/* Begin PBXTargetDependency section */
		CAB022841BA63E4100760761 /* PBXTargetDependency */ = {
			isa = PBXTargetDependency;
			target = CAB0226C1BA63E4100760761 /* Project25 */;
			targetProxy = CAB022831BA63E4100760761 /* PBXContainerItemProxy */;
		};
/* End PBXTargetDependency section */

/* Begin PBXVariantGroup section */
		CAB022761BA63E4100760761 /* Main.storyboard */ = {
			isa = PBXVariantGroup;
			children = (
				CAB022771BA63E4100760761 /* Base */,
			);
			name = Main.storyboard;
			sourceTree = "<group>";
		};
		CAB0227B1BA63E4100760761 /* LaunchScreen.xib */ = {
			isa = PBXVariantGroup;
			children = (
				CAB0227C1BA63E4100760761 /* Base */,
			);
			name = LaunchScreen.xib;
			sourceTree = "<group>";
		};
/* End PBXVariantGroup section */

/* Begin XCBuildConfiguration section */
		CAB0228A1BA63E4100760761 /* Debug */ = {
			isa = XCBuildConfiguration;
			buildSettings = {
				ALWAYS_SEARCH_USER_PATHS = NO;
				CLANG_CXX_LANGUAGE_STANDARD = "gnu++0x";
				CLANG_CXX_LIBRARY = "libc++";
				CLANG_ENABLE_MODULES = YES;
				CLANG_ENABLE_OBJC_ARC = YES;
				CLANG_WARN_BOOL_CONVERSION = YES;
				CLANG_WARN_CONSTANT_CONVERSION = YES;
				CLANG_WARN_DIRECT_OBJC_ISA_USAGE = YES_ERROR;
				CLANG_WARN_EMPTY_BODY = YES;
				CLANG_WARN_ENUM_CONVERSION = YES;
				CLANG_WARN_INT_CONVERSION = YES;
				CLANG_WARN_OBJC_ROOT_CLASS = YES_ERROR;
				CLANG_WARN_UNREACHABLE_CODE = YES;
				CLANG_WARN__DUPLICATE_METHOD_MATCH = YES;
				"CODE_SIGN_IDENTITY[sdk=iphoneos*]" = "iPhone Developer";
				COPY_PHASE_STRIP = NO;
				DEBUG_INFORMATION_FORMAT = "dwarf-with-dsym";
				ENABLE_STRICT_OBJC_MSGSEND = YES;
				GCC_C_LANGUAGE_STANDARD = gnu99;
				GCC_DYNAMIC_NO_PIC = NO;
				GCC_NO_COMMON_BLOCKS = YES;
				GCC_OPTIMIZATION_LEVEL = 0;
				GCC_PREPROCESSOR_DEFINITIONS = (
					"DEBUG=1",
					"$(inherited)",
				);
				GCC_SYMBOLS_PRIVATE_EXTERN = NO;
				GCC_WARN_64_TO_32_BIT_CONVERSION = YES;
				GCC_WARN_ABOUT_RETURN_TYPE = YES_ERROR;
				GCC_WARN_UNDECLARED_SELECTOR = YES;
				GCC_WARN_UNINITIALIZED_AUTOS = YES_AGGRESSIVE;
				GCC_WARN_UNUSED_FUNCTION = YES;
				GCC_WARN_UNUSED_VARIABLE = YES;
				IPHONEOS_DEPLOYMENT_TARGET = 8.4;
				MTL_ENABLE_DEBUG_INFO = YES;
				ONLY_ACTIVE_ARCH = YES;
				SDKROOT = iphoneos;
				SWIFT_OPTIMIZATION_LEVEL = "-Onone";
				TARGETED_DEVICE_FAMILY = 2;
			};
			name = Debug;
		};
		CAB0228B1BA63E4100760761 /* Release */ = {
			isa = XCBuildConfiguration;
			buildSettings = {
				ALWAYS_SEARCH_USER_PATHS = NO;
				CLANG_CXX_LANGUAGE_STANDARD = "gnu++0x";
				CLANG_CXX_LIBRARY = "libc++";
				CLANG_ENABLE_MODULES = YES;
				CLANG_ENABLE_OBJC_ARC = YES;
				CLANG_WARN_BOOL_CONVERSION = YES;
				CLANG_WARN_CONSTANT_CONVERSION = YES;
				CLANG_WARN_DIRECT_OBJC_ISA_USAGE = YES_ERROR;
				CLANG_WARN_EMPTY_BODY = YES;
				CLANG_WARN_ENUM_CONVERSION = YES;
				CLANG_WARN_INT_CONVERSION = YES;
				CLANG_WARN_OBJC_ROOT_CLASS = YES_ERROR;
				CLANG_WARN_UNREACHABLE_CODE = YES;
				CLANG_WARN__DUPLICATE_METHOD_MATCH = YES;
				"CODE_SIGN_IDENTITY[sdk=iphoneos*]" = "iPhone Developer";
				COPY_PHASE_STRIP = NO;
				DEBUG_INFORMATION_FORMAT = "dwarf-with-dsym";
				ENABLE_NS_ASSERTIONS = NO;
				ENABLE_STRICT_OBJC_MSGSEND = YES;
				GCC_C_LANGUAGE_STANDARD = gnu99;
				GCC_NO_COMMON_BLOCKS = YES;
				GCC_WARN_64_TO_32_BIT_CONVERSION = YES;
				GCC_WARN_ABOUT_RETURN_TYPE = YES_ERROR;
				GCC_WARN_UNDECLARED_SELECTOR = YES;
				GCC_WARN_UNINITIALIZED_AUTOS = YES_AGGRESSIVE;
				GCC_WARN_UNUSED_FUNCTION = YES;
				GCC_WARN_UNUSED_VARIABLE = YES;
				IPHONEOS_DEPLOYMENT_TARGET = 8.4;
				MTL_ENABLE_DEBUG_INFO = NO;
				SDKROOT = iphoneos;
				TARGETED_DEVICE_FAMILY = 2;
				VALIDATE_PRODUCT = YES;
			};
			name = Release;
		};
		CAB0228D1BA63E4100760761 /* Debug */ = {
			isa = XCBuildConfiguration;
			buildSettings = {
				ASSETCATALOG_COMPILER_APPICON_NAME = AppIcon;
				INFOPLIST_FILE = Project25/Info.plist;
				LD_RUNPATH_SEARCH_PATHS = "$(inherited) @executable_path/Frameworks";
				PRODUCT_NAME = "$(TARGET_NAME)";
			};
			name = Debug;
		};
		CAB0228E1BA63E4100760761 /* Release */ = {
			isa = XCBuildConfiguration;
			buildSettings = {
				ASSETCATALOG_COMPILER_APPICON_NAME = AppIcon;
				INFOPLIST_FILE = Project25/Info.plist;
				LD_RUNPATH_SEARCH_PATHS = "$(inherited) @executable_path/Frameworks";
				PRODUCT_NAME = "$(TARGET_NAME)";
			};
			name = Release;
		};
		CAB022901BA63E4100760761 /* Debug */ = {
			isa = XCBuildConfiguration;
			buildSettings = {
				BUNDLE_LOADER = "$(TEST_HOST)";
				FRAMEWORK_SEARCH_PATHS = (
					"$(SDKROOT)/Developer/Library/Frameworks",
					"$(inherited)",
				);
				GCC_PREPROCESSOR_DEFINITIONS = (
					"DEBUG=1",
					"$(inherited)",
				);
				INFOPLIST_FILE = Project25Tests/Info.plist;
				LD_RUNPATH_SEARCH_PATHS = "$(inherited) @executable_path/Frameworks @loader_path/Frameworks";
				PRODUCT_NAME = "$(TARGET_NAME)";
				TEST_HOST = "$(BUILT_PRODUCTS_DIR)/Project25.app/Project25";
			};
			name = Debug;
		};
		CAB022911BA63E4100760761 /* Release */ = {
			isa = XCBuildConfiguration;
			buildSettings = {
				BUNDLE_LOADER = "$(TEST_HOST)";
				FRAMEWORK_SEARCH_PATHS = (
					"$(SDKROOT)/Developer/Library/Frameworks",
					"$(inherited)",
				);
				INFOPLIST_FILE = Project25Tests/Info.plist;
				LD_RUNPATH_SEARCH_PATHS = "$(inherited) @executable_path/Frameworks @loader_path/Frameworks";
				PRODUCT_NAME = "$(TARGET_NAME)";
				TEST_HOST = "$(BUILT_PRODUCTS_DIR)/Project25.app/Project25";
			};
			name = Release;
		};
/* End XCBuildConfiguration section */

/* Begin XCConfigurationList section */
		CAB022681BA63E4100760761 /* Build configuration list for PBXProject "Project25" */ = {
			isa = XCConfigurationList;
			buildConfigurations = (
				CAB0228A1BA63E4100760761 /* Debug */,
				CAB0228B1BA63E4100760761 /* Release */,
			);
			defaultConfigurationIsVisible = 0;
			defaultConfigurationName = Release;
		};
		CAB0228C1BA63E4100760761 /* Build configuration list for PBXNativeTarget "Project25" */ = {
			isa = XCConfigurationList;
			buildConfigurations = (
				CAB0228D1BA63E4100760761 /* Debug */,
				CAB0228E1BA63E4100760761 /* Release */,
			);
			defaultConfigurationIsVisible = 0;
		};
		CAB0228F1BA63E4100760761 /* Build configuration list for PBXNativeTarget "Project25Tests" */ = {
			isa = XCConfigurationList;
			buildConfigurations = (
				CAB022901BA63E4100760761 /* Debug */,
				CAB022911BA63E4100760761 /* Release */,
			);
			defaultConfigurationIsVisible = 0;
		};
/* End XCConfigurationList section */
	};
	rootObject = CAB022651BA63E4100760761 /* Project object */;
}
